{\n  \"name\": \"tevd-portal\",\n  \"version\": \"0.1.0\",\n  \"lockfileVersion\": 3,\n  \"requires\": true,\n  \"packages\": {\n    \"\": {\n      \"name\": \"tevd-portal\",\n      \"version\": \"0.1.0\",\n      \"dependencies\": {\n        \"@clerk/nextjs\": \"^7.0.4\",\n        \"@dnd-kit/core\": \"^6.3.1\",\n        \"@dnd-kit/sortable\": \"^9.0.0\",\n        \"@dnd-kit/utilities\": \"^3.2.2\",\n        \"@supabase/ssr\": \"^0.9.0\",\n        \"@supabase/supabase-js\": \"^2.99.1\",\n        \"@tanstack/react-query\": \"^5.90.21\",\n        \"@tanstack/react-table\": \"^8.21.3\",\n        \"class-variance-authority\": \"^0.7.1\",\n        \"clsx\": \"^2.1.1\",\n        \"ical-generator\": \"^10.1.0\",\n        \"jose\": \"^6.2.1\",\n        \"lucide-react\": \"^0.511.0\",\n        \"next\": \"16.1.6\",\n        \"react\": \"19.2.3\",\n        \"react-dom\": \"19.2.3\",\n        \"svix\": \"^1.88.0\",\n        \"tailwind-merge\": \"^3.3.0\"\n      },\n      \"devDependencies\": {\n        \"@tailwindcss/postcss\": \"^4.2.1\",\n        \"@types/node\": \"^20\",\n        \"@types/react\": \"^19\",\n        \"@types/react-dom\": \"^19\",\n        \"eslint\": \"^9\",\n        \"eslint-config-next\": \"16.1.6\",\n        \"tailwindcss\": \"^4\",\n        \"typescript\": \"^5\"\n      }\n    }